// !$*UTF8*$!
{
	archiveVersion = 1;
	classes = {
	};
	objectVersion = 51;
	objects = {

/* Begin PBXBuildFile section */
		BF5FBABC23F2398D004FC776 /* RepositoryProtocol.swift in Sources */ = {isa = PBXBuildFile; fileRef = BF5FBABB23F2398D004FC776 /* RepositoryProtocol.swift */; };
		BF5FBAC023F34371004FC776 /* RealmDB.swift in Sources */ = {isa = PBXBuildFile; fileRef = BF5FBABF23F34371004FC776 /* RealmDB.swift */; };
		BF5FBAC323F343DD004FC776 /* MainViewController.swift in Sources */ = {isa = PBXBuildFile; fileRef = BF5FBAC123F343DD004FC776 /* MainViewController.swift */; };
		BF5FBAC423F343DD004FC776 /* MainViewController.xib in Resources */ = {isa = PBXBuildFile; fileRef = BF5FBAC223F343DD004FC776 /* MainViewController.xib */; };
		BF5FBAC723F3464A004FC776 /* UserProfile.swift in Sources */ = {isa = PBXBuildFile; fileRef = BF5FBAC623F3464A004FC776 /* UserProfile.swift */; };
		BF5FBAC923F34C91004FC776 /* UsersCRUDManager.swift in Sources */ = {isa = PBXBuildFile; fileRef = BF5FBAC823F34C91004FC776 /* UsersCRUDManager.swift */; };
		BF5FBACD23F383A2004FC776 /* Address.swift in Sources */ = {isa = PBXBuildFile; fileRef = BF5FBACC23F383A2004FC776 /* Address.swift */; };
		BF5FBAD523F60356004FC776 /* ProfileTableViewCell.swift in Sources */ = {isa = PBXBuildFile; fileRef = BF5FBAD323F60356004FC776 /* ProfileTableViewCell.swift */; };
		BF5FBAD623F60356004FC776 /* ProfileTableViewCell.xib in Resources */ = {isa = PBXBuildFile; fileRef = BF5FBAD423F60356004FC776 /* ProfileTableViewCell.xib */; };
		BF7E90FE23FC4C870024968A /* RepositoryPattern.xcdatamodeld in Sources */ = {isa = PBXBuildFile; fileRef = BF7E90FC23FC4C870024968A /* RepositoryPattern.xcdatamodeld */; };
		BF7E910023FC66A00024968A /* CoraDataManager.swift in Sources */ = {isa = PBXBuildFile; fileRef = BF7E90FF23FC66A00024968A /* CoraDataManager.swift */; };
		BF7E910323FC6C730024968A /* CoreDataDB.swift in Sources */ = {isa = PBXBuildFile; fileRef = BF7E910223FC6C730024968A /* CoreDataDB.swift */; };
		BFCB22FD23F23395002A2E61 /* AppDelegate.swift in Sources */ = {isa = PBXBuildFile; fileRef = BFCB22FC23F23395002A2E61 /* AppDelegate.swift */; };
		BFCB230623F23397002A2E61 /* Assets.xcassets in Resources */ = {isa = PBXBuildFile; fileRef = BFCB230523F23397002A2E61 /* Assets.xcassets */; };
		BFCB230923F23397002A2E61 /* LaunchScreen.storyboard in Resources */ = {isa = PBXBuildFile; fileRef = BFCB230723F23397002A2E61 /* LaunchScreen.storyboard */; };
		F9D93CE7EEFF7AF4F72AFFC6 /* Pods_RepositoryPattern.framework in Frameworks */ = {isa = PBXBuildFile; fileRef = C579EE43F7F060E2E49BA1C6 /* Pods_RepositoryPattern.framework */; };
/* End PBXBuildFile section */

/* Begin PBXFileReference section */
		730CAE986B292E7158DF1CAB /* Pods-RepositoryPattern.debug.xcconfig */ = {isa = PBXFileReference; includeInIndex = 1; lastKnownFileType = text.xcconfig; name = "Pods-RepositoryPattern.debug.xcconfig"; path = "Target Support Files/Pods-RepositoryPattern/Pods-RepositoryPattern.debug.xcconfig"; sourceTree = "<group>"; };
		93FA01597DD22C5CF6204DAA /* Pods-RepositoryPattern.release.xcconfig */ = {isa = PBXFileReference; includeInIndex = 1; lastKnownFileType = text.xcconfig; name = "Pods-RepositoryPattern.release.xcconfig"; path = "Target Support Files/Pods-RepositoryPattern/Pods-RepositoryPattern.release.xcconfig"; sourceTree = "<group>"; };
		BF5FBABB23F2398D004FC776 /* RepositoryProtocol.swift */ = {isa = PBXFileReference; lastKnownFileType = sourcecode.swift; path = RepositoryProtocol.swift; sourceTree = "<group>"; };
		BF5FBABF23F34371004FC776 /* RealmDB.swift */ = {isa = PBXFileReference; lastKnownFileType = sourcecode.swift; path = RealmDB.swift; sourceTree = "<group>"; };
		BF5FBAC123F343DD004FC776 /* MainViewController.swift */ = {isa = PBXFileReference; lastKnownFileType = sourcecode.swift; path = MainViewController.swift; sourceTree = "<group>"; };
		BF5FBAC223F343DD004FC776 /* MainViewController.xib */ = {isa = PBXFileReference; lastKnownFileType = file.xib; path = MainViewController.xib; sourceTree = "<group>"; };
		BF5FBAC623F3464A004FC776 /* UserProfile.swift */ = {isa = PBXFileReference; lastKnownFileType = sourcecode.swift; path = UserProfile.swift; sourceTree = "<group>"; };
		BF5FBAC823F34C91004FC776 /* UsersCRUDManager.swift */ = {isa = PBXFileReference; lastKnownFileType = sourcecode.swift; path = UsersCRUDManager.swift; sourceTree = "<group>"; };
		BF5FBACC23F383A2004FC776 /* Address.swift */ = {isa = PBXFileReference; lastKnownFileType = sourcecode.swift; path = Address.swift; sourceTree = "<group>"; };
		BF5FBAD323F60356004FC776 /* ProfileTableViewCell.swift */ = {isa = PBXFileReference; lastKnownFileType = sourcecode.swift; path = ProfileTableViewCell.swift; sourceTree = "<group>"; };
		BF5FBAD423F60356004FC776 /* ProfileTableViewCell.xib */ = {isa = PBXFileReference; lastKnownFileType = file.xib; path = ProfileTableViewCell.xib; sourceTree = "<group>"; };
		BF7E90FD23FC4C870024968A /* RepositoryPattern.xcdatamodel */ = {isa = PBXFileReference; lastKnownFileType = wrapper.xcdatamodel; path = RepositoryPattern.xcdatamodel; sourceTree = "<group>"; };
		BF7E90FF23FC66A00024968A /* CoraDataManager.swift */ = {isa = PBXFileReference; lastKnownFileType = sourcecode.swift; path = CoraDataManager.swift; sourceTree = "<group>"; };
		BF7E910223FC6C730024968A /* CoreDataDB.swift */ = {isa = PBXFileReference; lastKnownFileType = sourcecode.swift; path = CoreDataDB.swift; sourceTree = "<group>"; };
		BFCB22F923F23395002A2E61 /* RepositoryPattern.app */ = {isa = PBXFileReference; explicitFileType = wrapper.application; includeInIndex = 0; path = RepositoryPattern.app; sourceTree = BUILT_PRODUCTS_DIR; };
		BFCB22FC23F23395002A2E61 /* AppDelegate.swift */ = {isa = PBXFileReference; lastKnownFileType = sourcecode.swift; path = AppDelegate.swift; sourceTree = "<group>"; };
		BFCB230523F23397002A2E61 /* Assets.xcassets */ = {isa = PBXFileReference; lastKnownFileType = folder.assetcatalog; path = Assets.xcassets; sourceTree = "<group>"; };
		BFCB230823F23397002A2E61 /* Base */ = {isa = PBXFileReference; lastKnownFileType = file.storyboard; name = Base; path = Base.lproj/LaunchScreen.storyboard; sourceTree = "<group>"; };
		BFCB230A23F23397002A2E61 /* Info.plist */ = {isa = PBXFileReference; lastKnownFileType = text.plist.xml; path = Info.plist; sourceTree = "<group>"; };
		C579EE43F7F060E2E49BA1C6 /* Pods_RepositoryPattern.framework */ = {isa = PBXFileReference; explicitFileType = wrapper.framework; includeInIndex = 0; path = Pods_RepositoryPattern.framework; sourceTree = BUILT_PRODUCTS_DIR; };
/* End PBXFileReference section */

/* Begin PBXFrameworksBuildPhase section */
		BFCB22F623F23395002A2E61 /* Frameworks */ = {
			isa = PBXFrameworksBuildPhase;
			buildActionMask = 2147483647;
			files = (
				F9D93CE7EEFF7AF4F72AFFC6 /* Pods_RepositoryPattern.framework in Frameworks */,
			);
			runOnlyForDeploymentPostprocessing = 0;
		};
/* End PBXFrameworksBuildPhase section */

/* Begin PBXGroup section */
		1B68FFD456EF1FDDD5FD01A3 /* Pods */ = {
			isa = PBXGroup;
			children = (
				730CAE986B292E7158DF1CAB /* Pods-RepositoryPattern.debug.xcconfig */,
				93FA01597DD22C5CF6204DAA /* Pods-RepositoryPattern.release.xcconfig */,
			);
			path = Pods;
			sourceTree = "<group>";
		};
		BF5FBAC523F34570004FC776 /* Models */ = {
			isa = PBXGroup;
			children = (
				BF5FBAC623F3464A004FC776 /* UserProfile.swift */,
				BF5FBACC23F383A2004FC776 /* Address.swift */,
			);
			path = Models;
			sourceTree = "<group>";
		};
		BF7E910123FC6C3A0024968A /* CoreData */ = {
			isa = PBXGroup;
			children = (
				BF7E90FC23FC4C870024968A /* RepositoryPattern.xcdatamodeld */,
				BF7E90FF23FC66A00024968A /* CoraDataManager.swift */,
				BF7E910223FC6C730024968A /* CoreDataDB.swift */,
			);
			path = CoreData;
			sourceTree = "<group>";
		};
		BFCB22F023F23395002A2E61 = {
			isa = PBXGroup;
			children = (
				BFCB22FB23F23395002A2E61 /* RepositoryPattern */,
				BFCB22FA23F23395002A2E61 /* Products */,
				1B68FFD456EF1FDDD5FD01A3 /* Pods */,
				F291EC2EE87DB95DD9BE5222 /* Frameworks */,
			);
			sourceTree = "<group>";
		};
		BFCB22FA23F23395002A2E61 /* Products */ = {
			isa = PBXGroup;
			children = (
				BFCB22F923F23395002A2E61 /* RepositoryPattern.app */,
			);
			name = Products;
			sourceTree = "<group>";
		};
		BFCB22FB23F23395002A2E61 /* RepositoryPattern */ = {
			isa = PBXGroup;
			children = (
				BF7E910123FC6C3A0024968A /* CoreData */,
				BF5FBAC523F34570004FC776 /* Models */,
				BFCB22FC23F23395002A2E61 /* AppDelegate.swift */,
				BFCB230523F23397002A2E61 /* Assets.xcassets */,
				BFCB230723F23397002A2E61 /* LaunchScreen.storyboard */,
				BFCB230A23F23397002A2E61 /* Info.plist */,
				BF5FBABB23F2398D004FC776 /* RepositoryProtocol.swift */,
				BF5FBABF23F34371004FC776 /* RealmDB.swift */,
				BF5FBAC123F343DD004FC776 /* MainViewController.swift */,
				BF5FBAC223F343DD004FC776 /* MainViewController.xib */,
				BF5FBAC823F34C91004FC776 /* UsersCRUDManager.swift */,
				BF5FBAD323F60356004FC776 /* ProfileTableViewCell.swift */,
				BF5FBAD423F60356004FC776 /* ProfileTableViewCell.xib */,
			);
			path = RepositoryPattern;
			sourceTree = "<group>";
		};
		F291EC2EE87DB95DD9BE5222 /* Frameworks */ = {
			isa = PBXGroup;
			children = (
				C579EE43F7F060E2E49BA1C6 /* Pods_RepositoryPattern.framework */,
			);
			name = Frameworks;
			sourceTree = "<group>";
		};
/* End PBXGroup section */

/* Begin PBXNativeTarget section */
		BFCB22F823F23395002A2E61 /* RepositoryPattern */ = {
			isa = PBXNativeTarget;
			buildConfigurationList = BFCB230D23F23397002A2E61 /* Build configuration list for PBXNativeTarget "RepositoryPattern" */;
			buildPhases = (
				953A5181C71FB0DA6CA93CA6 /* [CP] Check Pods Manifest.lock */,
				BFCB22F523F23395002A2E61 /* Sources */,
				BFCB22F623F23395002A2E61 /* Frameworks */,
				BFCB22F723F23395002A2E61 /* Resources */,
				AB6BD48A265AC33CAF08F5BB /* [CP] Embed Pods Frameworks */,
			);
			buildRules = (
			);
			dependencies = (
			);
			name = RepositoryPattern;
			productName = RepositoryPattern;
			productReference = BFCB22F923F23395002A2E61 /* RepositoryPattern.app */;
			productType = "com.apple.product-type.application";
		};
/* End PBXNativeTarget section */

/* Begin PBXProject section */
		BFCB22F123F23395002A2E61 /* Project object */ = {
			isa = PBXProject;
			attributes = {
				LastSwiftUpdateCheck = 1130;
				LastUpgradeCheck = 1130;
				ORGANIZATIONNAME = "Rubaiyat Jahan Mumu";
				TargetAttributes = {
					BFCB22F823F23395002A2E61 = {
						CreatedOnToolsVersion = 11.3.1;
					};
				};
			};
			buildConfigurationList = BFCB22F423F23395002A2E61 /* Build configuration list for PBXProject "RepositoryPattern" */;
			compatibilityVersion = "Xcode 9.3";
			developmentRegion = en;
			hasScannedForEncodings = 0;
			knownRegions = (
				en,
				Base,
			);
			mainGroup = BFCB22F023F23395002A2E61;
			productRefGroup = BFCB22FA23F23395002A2E61 /* Products */;
			projectDirPath = "";
			projectRoot = "";
			targets = (
				BFCB22F823F23395002A2E61 /* RepositoryPattern */,
			);
		};
/* End PBXProject section */

/* Begin PBXResourcesBuildPhase section */
		BFCB22F723F23395002A2E61 /* Resources */ = {
			isa = PBXResourcesBuildPhase;
			buildActionMask = 2147483647;
			files = (
				BFCB230923F23397002A2E61 /* LaunchScreen.storyboard in Resources */,
				BF5FBAD623F60356004FC776 /* ProfileTableViewCell.xib in Resources */,
				BF5FBAC423F343DD004FC776 /* MainViewController.xib in Resources */,
				BFCB230623F23397002A2E61 /* Assets.xcassets in Resources */,
			);
			runOnlyForDeploymentPostprocessing = 0;
		};
/* End PBXResourcesBuildPhase section */

/* Begin PBXShellScriptBuildPhase section */
		953A5181C71FB0DA6CA93CA6 /* [CP] Check Pods Manifest.lock */ = {
			isa = PBXShellScriptBuildPhase;
			buildActionMask = 2147483647;
			files = (
			);
			inputFileListPaths = (
			);
			inputPaths = (
				"${PODS_PODFILE_DIR_PATH}/Podfile.lock",
				"${PODS_ROOT}/Manifest.lock",
			);
			name = "[CP] Check Pods Manifest.lock";
			outputFileListPaths = (
			);
			outputPaths = (
				"$(DERIVED_FILE_DIR)/Pods-RepositoryPattern-checkManifestLockResult.txt",
			);
			runOnlyForDeploymentPostprocessing = 0;
			shellPath = /bin/sh;
			shellScript = "diff \"${PODS_PODFILE_DIR_PATH}/Podfile.lock\" \"${PODS_ROOT}/Manifest.lock\" > /dev/null\nif [ $? != 0 ] ; then\n    # print error to STDERR\n    echo \"error: The sandbox is not in sync with the Podfile.lock. Run 'pod install' or update your CocoaPods installation.\" >&2\n    exit 1\nfi\n# This output is used by Xcode 'outputs' to avoid re-running this script phase.\necho \"SUCCESS\" > \"${SCRIPT_OUTPUT_FILE_0}\"\n";
			showEnvVarsInLog = 0;
		};
		AB6BD48A265AC33CAF08F5BB /* [CP] Embed Pods Frameworks */ = {
			isa = PBXShellScriptBuildPhase;
			buildActionMask = 2147483647;
			files = (
			);
			inputFileListPaths = (
				"${PODS_ROOT}/Target Support Files/Pods-RepositoryPattern/Pods-RepositoryPattern-frameworks-${CONFIGURATION}-input-files.xcfilelist",
			);
			name = "[CP] Embed Pods Frameworks";
			outputFileListPaths = (
				"${PODS_ROOT}/Target Support Files/Pods-RepositoryPattern/Pods-RepositoryPattern-frameworks-${CONFIGURATION}-output-files.xcfilelist",
			);
			runOnlyForDeploymentPostprocessing = 0;
			shellPath = /bin/sh;
			shellScript = "\"${PODS_ROOT}/Target Support Files/Pods-RepositoryPattern/Pods-RepositoryPattern-frameworks.sh\"\n";
			showEnvVarsInLog = 0;
		};
/* End PBXShellScriptBuildPhase section */

/* Begin PBXSourcesBuildPhase section */
		BFCB22F523F23395002A2E61 /* Sources */ = {
			isa = PBXSourcesBuildPhase;
			buildActionMask = 2147483647;
			files = (
				BF5FBAC023F34371004FC776 /* RealmDB.swift in Sources */,
				BF5FBAD523F60356004FC776 /* ProfileTableViewCell.swift in Sources */,
				BFCB22FD23F23395002A2E61 /* AppDelegate.swift in Sources */,
				BF7E910323FC6C730024968A /* CoreDataDB.swift in Sources */,
				BF5FBAC923F34C91004FC776 /* UsersCRUDManager.swift in Sources */,
				BF7E90FE23FC4C870024968A /* RepositoryPattern.xcdatamodeld in Sources */,
				BF5FBAC723F3464A004FC776 /* UserProfile.swift in Sources */,
				BF5FBABC23F2398D004FC776 /* RepositoryProtocol.swift in Sources */,
				BF5FBAC323F343DD004FC776 /* MainViewController.swift in Sources */,
				BF7E910023FC66A00024968A /* CoraDataManager.swift in Sources */,
				BF5FBACD23F383A2004FC776 /* Address.swift in Sources */,
			);
			runOnlyForDeploymentPostprocessing = 0;
		};
/* End PBXSourcesBuildPhase section */

/* Begin PBXVariantGroup section */
		BFCB230723F23397002A2E61 /* LaunchScreen.storyboard */ = {
			isa = PBXVariantGroup;
			children = (
				BFCB230823F23397002A2E61 /* Base */,
			);
			name = LaunchScreen.storyboard;
			sourceTree = "<group>";
		};
/* End PBXVariantGroup section */

/* Begin XCBuildConfiguration section */
		BFCB230B23F23397002A2E61 /* Debug */ = {
			isa = XCBuildConfiguration;
			buildSettings = {
				ALWAYS_SEARCH_USER_PATHS = NO;
				CLANG_ANALYZER_NONNULL = YES;
				CLANG_ANALYZER_NUMBER_OBJECT_CONVERSION = YES_AGGRESSIVE;
				CLANG_CXX_LANGUAGE_STANDARD = "gnu++14";
				CLANG_CXX_LIBRARY = "libc++";
				CLANG_ENABLE_MODULES = YES;
				CLANG_ENABLE_OBJC_ARC = YES;
				CLANG_ENABLE_OBJC_WEAK = YES;
				CLANG_WARN_BLOCK_CAPTURE_AUTORELEASING = YES;
				CLANG_WARN_BOOL_CONVERSION = YES;
				CLANG_WARN_COMMA = YES;
				CLANG_WARN_CONSTANT_CONVERSION = YES;
				CLANG_WARN_DEPRECATED_OBJC_IMPLEMENTATIONS = YES;
				CLANG_WARN_DIRECT_OBJC_ISA_USAGE = YES_ERROR;
				CLANG_WARN_DOCUMENTATION_COMMENTS = YES;
				CLANG_WARN_EMPTY_BODY = YES;
				CLANG_WARN_ENUM_CONVERSION = YES;
				CLANG_WARN_INFINITE_RECURSION = YES;
				CLANG_WARN_INT_CONVERSION = YES;
				CLANG_WARN_NON_LITERAL_NULL_CONVERSION = YES;
				CLANG_WARN_OBJC_IMPLICIT_RETAIN_SELF = YES;
				CLANG_WARN_OBJC_LITERAL_CONVERSION = YES;
				CLANG_WARN_OBJC_ROOT_CLASS = YES_ERROR;
				CLANG_WARN_RANGE_LOOP_ANALYSIS = YES;
				CLANG_WARN_STRICT_PROTOTYPES = YES;
				CLANG_WARN_SUSPICIOUS_MOVE = YES;
				CLANG_WARN_UNGUARDED_AVAILABILITY = YES_AGGRESSIVE;
				CLANG_WARN_UNREACHABLE_CODE = YES;
				CLANG_WARN__DUPLICATE_METHOD_MATCH = YES;
				COPY_PHASE_STRIP = NO;
				DEBUG_INFORMATION_FORMAT = dwarf;
				ENABLE_STRICT_OBJC_MSGSEND = YES;
				ENABLE_TESTABILITY = YES;
				GCC_C_LANGUAGE_STANDARD = gnu11;
				GCC_DYNAMIC_NO_PIC = NO;
				GCC_NO_COMMON_BLOCKS = YES;
				GCC_OPTIMIZATION_LEVEL = 0;
				GCC_PREPROCESSOR_DEFINITIONS = (
					"DEBUG=1",
					"$(inherited)",
				);
				GCC_WARN_64_TO_32_BIT_CONVERSION = YES;
				GCC_WARN_ABOUT_RETURN_TYPE = YES_ERROR;
				GCC_WARN_UNDECLARED_SELECTOR = YES;
				GCC_WARN_UNINITIALIZED_AUTOS = YES_AGGRESSIVE;
				GCC_WARN_UNUSED_FUNCTION = YES;
				GCC_WARN_UNUSED_VARIABLE = YES;
				IPHONEOS_DEPLOYMENT_TARGET = 13.2;
				MTL_ENABLE_DEBUG_INFO = INCLUDE_SOURCE;
				MTL_FAST_MATH = YES;
				ONLY_ACTIVE_ARCH = YES;
				SDKROOT = iphoneos;
				SWIFT_ACTIVE_COMPILATION_CONDITIONS = DEBUG;
				SWIFT_OPTIMIZATION_LEVEL = "-Onone";
			};
			name = Debug;
		};
		BFCB230C23F23397002A2E61 /* Release */ = {
			isa = XCBuildConfiguration;
			buildSettings = {
				ALWAYS_SEARCH_USER_PATHS = NO;
				CLANG_ANALYZER_NONNULL = YES;
				CLANG_ANALYZER_NUMBER_OBJECT_CONVERSION = YES_AGGRESSIVE;
				CLANG_CXX_LANGUAGE_STANDARD = "gnu++14";
				CLANG_CXX_LIBRARY = "libc++";
				CLANG_ENABLE_MODULES = YES;
				CLANG_ENABLE_OBJC_ARC = YES;
				CLANG_ENABLE_OBJC_WEAK = YES;
				CLANG_WARN_BLOCK_CAPTURE_AUTORELEASING = YES;
				CLANG_WARN_BOOL_CONVERSION = YES;
				CLANG_WARN_COMMA = YES;
				CLANG_WARN_CONSTANT_CONVERSION = YES;
				CLANG_WARN_DEPRECATED_OBJC_IMPLEMENTATIONS = YES;
				CLANG_WARN_DIRECT_OBJC_ISA_USAGE = YES_ERROR;
				CLANG_WARN_DOCUMENTATION_COMMENTS = YES;
				CLANG_WARN_EMPTY_BODY = YES;
				CLANG_WARN_ENUM_CONVERSION = YES;
				CLANG_WARN_INFINITE_RECURSION = YES;
				CLANG_WARN_INT_CONVERSION = YES;
				CLANG_WARN_NON_LITERAL_NULL_CONVERSION = YES;
				CLANG_WARN_OBJC_IMPLICIT_RETAIN_SELF = YES;
				CLANG_WARN_OBJC_LITERAL_CONVERSION = YES;
				CLANG_WARN_OBJC_ROOT_CLASS = YES_ERROR;
				CLANG_WARN_RANGE_LOOP_ANALYSIS = YES;
				CLANG_WARN_STRICT_PROTOTYPES = YES;
				CLANG_WARN_SUSPICIOUS_MOVE = YES;
				CLANG_WARN_UNGUARDED_AVAILABILITY = YES_AGGRESSIVE;
				CLANG_WARN_UNREACHABLE_CODE = YES;
				CLANG_WARN__DUPLICATE_METHOD_MATCH = YES;
				COPY_PHASE_STRIP = NO;
				DEBUG_INFORMATION_FORMAT = "dwarf-with-dsym";
				ENABLE_NS_ASSERTIONS = NO;
				ENABLE_STRICT_OBJC_MSGSEND = YES;
				GCC_C_LANGUAGE_STANDARD = gnu11;
				GCC_NO_COMMON_BLOCKS = YES;
				GCC_WARN_64_TO_32_BIT_CONVERSION = YES;
				GCC_WARN_ABOUT_RETURN_TYPE = YES_ERROR;
				GCC_WARN_UNDECLARED_SELECTOR = YES;
				GCC_WARN_UNINITIALIZED_AUTOS = YES_AGGRESSIVE;
				GCC_WARN_UNUSED_FUNCTION = YES;
				GCC_WARN_UNUSED_VARIABLE = YES;
				IPHONEOS_DEPLOYMENT_TARGET = 13.2;
				MTL_ENABLE_DEBUG_INFO = NO;
				MTL_FAST_MATH = YES;
				SDKROOT = iphoneos;
				SWIFT_COMPILATION_MODE = wholemodule;
				SWIFT_OPTIMIZATION_LEVEL = "-O";
				VALIDATE_PRODUCT = YES;
			};
			name = Release;
		};
		BFCB230E23F23397002A2E61 /* Debug */ = {
			isa = XCBuildConfiguration;
			baseConfigurationReference = 730CAE986B292E7158DF1CAB /* Pods-RepositoryPattern.debug.xcconfig */;
			buildSettings = {
				ASSETCATALOG_COMPILER_APPICON_NAME = AppIcon;
				CODE_SIGN_STYLE = Automatic;
				INFOPLIST_FILE = RepositoryPattern/Info.plist;
				LD_RUNPATH_SEARCH_PATHS = (
					"$(inherited)",
					"@executable_path/Frameworks",
				);
				PRODUCT_BUNDLE_IDENTIFIER = com.rubaiyat.RepositoryPattern;
				PRODUCT_NAME = "$(TARGET_NAME)";
				SWIFT_VERSION = 5.0;
				TARGETED_DEVICE_FAMILY = "1,2";
			};
			name = Debug;
		};
		BFCB230F23F23397002A2E61 /* Release */ = {
			isa = XCBuildConfiguration;
			baseConfigurationReference = 93FA01597DD22C5CF6204DAA /* Pods-RepositoryPattern.release.xcconfig */;
			buildSettings = {
				ASSETCATALOG_COMPILER_APPICON_NAME = AppIcon;
				CODE_SIGN_STYLE = Automatic;
				INFOPLIST_FILE = RepositoryPattern/Info.plist;
				LD_RUNPATH_SEARCH_PATHS = (
					"$(inherited)",
					"@executable_path/Frameworks",
				);
				PRODUCT_BUNDLE_IDENTIFIER = com.rubaiyat.RepositoryPattern;
				PRODUCT_NAME = "$(TARGET_NAME)";
				SWIFT_VERSION = 5.0;
				TARGETED_DEVICE_FAMILY = "1,2";
			};
			name = Release;
		};
/* End XCBuildConfiguration section */

/* Begin XCConfigurationList section */
		BFCB22F423F23395002A2E61 /* Build configuration list for PBXProject "RepositoryPattern" */ = {
			isa = XCConfigurationList;
			buildConfigurations = (
				BFCB230B23F23397002A2E61 /* Debug */,
				BFCB230C23F23397002A2E61 /* Release */,
			);
			defaultConfigurationIsVisible = 0;
			defaultConfigurationName = Release;
		};
		BFCB230D23F23397002A2E61 /* Build configuration list for PBXNativeTarget "RepositoryPattern" */ = {
			isa = XCConfigurationList;
			buildConfigurations = (
				BFCB230E23F23397002A2E61 /* Debug */,
				BFCB230F23F23397002A2E61 /* Release */,
			);
			defaultConfigurationIsVisible = 0;
			defaultConfigurationName = Release;
		};
/* End XCConfigurationList section */

/* Begin XCVersionGroup section */
		BF7E90FC23FC4C870024968A /* RepositoryPattern.xcdatamodeld */ = {
			isa = XCVersionGroup;
			children = (
				BF7E90FD23FC4C870024968A /* RepositoryPattern.xcdatamodel */,
			);
			currentVersion = BF7E90FD23FC4C870024968A /* RepositoryPattern.xcdatamodel */;
			path = RepositoryPattern.xcdatamodeld;
			sourceTree = "<group>";
			versionGroupType = wrapper.xcdatamodel;
		};
/* End XCVersionGroup section */
	};
	rootObject = BFCB22F123F23395002A2E61 /* Project object */;
}
